
Microsoft Visual Studio Solution File, Format Version 12.00
# Visual Studio Version 17
VisualStudioVersion = 17.6.33829.357
MinimumVisualStudioVersion = 10.0.40219.1
Project("{FAE04EC0-301F-11D3-BF4B-00C04F79EFBC}") = "Geto.Dwg", "Geto.Dwg\Geto.Dwg.csproj", "{F82139B0-597C-477B-AB8A-9F73777C5EB2}"
EndProject
Project("{FAE04EC0-301F-11D3-BF4B-00C04F79EFBC}") = "Geto", "Geto\Geto.csproj", "{A0D88555-8703-4A0B-BECD-47C3489932FB}"
EndProject
Project("{FAE04EC0-301F-11D3-BF4B-00C04F79EFBC}") = "Geto.Rvt", "Geto.Rvt\Geto.Rvt.csproj", "{EF1B6149-0E3E-4AD3-8A5F-8FDBA59154DE}"
EndProject
Global
	GlobalSection(SolutionConfigurationPlatforms) = preSolution
		Debug|Any CPU = Debug|Any CPU
		Release|Any CPU = Release|Any CPU
	EndGlobalSection
	GlobalSection(ProjectConfigurationPlatforms) = postSolution
		{F82139B0-597C-477B-AB8A-9F73777C5EB2}.Debug|Any CPU.ActiveCfg = Debug|Any CPU
		{F82139B0-597C-477B-AB8A-9F73777C5EB2}.Debug|Any CPU.Build.0 = Debug|Any CPU
		{F82139B0-597C-477B-AB8A-9F73777C5EB2}.Release|Any CPU.ActiveCfg = Release|Any CPU
		{F82139B0-597C-477B-AB8A-9F73777C5EB2}.Release|Any CPU.Build.0 = Release|Any CPU
		{A0D88555-8703-4A0B-BECD-47C3489932FB}.Debug|Any CPU.ActiveCfg = Debug|Any CPU
		{A0D88555-8703-4A0B-BECD-47C3489932FB}.Debug|Any CPU.Build.0 = Debug|Any CPU
		{A0D88555-8703-4A0B-BECD-47C3489932FB}.Release|Any CPU.ActiveCfg = Release|Any CPU
		{A0D88555-8703-4A0B-BECD-47C3489932FB}.Release|Any CPU.Build.0 = Release|Any CPU
		{EF1B6149-0E3E-4AD3-8A5F-8FDBA59154DE}.Debug|Any CPU.ActiveCfg = Debug|Any CPU
		{EF1B6149-0E3E-4AD3-8A5F-8FDBA59154DE}.Debug|Any CPU.Build.0 = Debug|Any CPU
		{EF1B6149-0E3E-4AD3-8A5F-8FDBA59154DE}.Release|Any CPU.ActiveCfg = Release|Any CPU
		{EF1B6149-0E3E-4AD3-8A5F-8FDBA59154DE}.Release|Any CPU.Build.0 = Release|Any CPU
	EndGlobalSection
	GlobalSection(SolutionProperties) = preSolution
		HideSolutionNode = FALSE
	EndGlobalSection
	GlobalSection(ExtensibilityGlobals) = postSolution
		SolutionGuid = {054C460A-DF4B-4479-AA62-FEFB300B430B}
	EndGlobalSection
EndGlobal
